
Microsoft Visual Studio Solution File, Format Version 12.00
# Visual Studio Version 17
VisualStudioVersion = 17.14.36408.4 d17.14
MinimumVisualStudioVersion = 10.0.40219.1
Project("{FAE04EC0-301F-11D3-BF4B-00C04F79EFBC}") = "Proyecto 1", "Proyecto 1.csproj", "{6DC376A3-CFAE-415B-B974-85B0B360E801}"
EndProject
Global
	GlobalSection(SolutionConfigurationPlatforms) = preSolution
		Debug|Any CPU = Debug|Any CPU
		Release|Any CPU = Release|Any CPU
	EndGlobalSection
	GlobalSection(ProjectConfigurationPlatforms) = postSolution
		{6DC376A3-CFAE-415B-B974-85B0B360E801}.Debug|Any CPU.ActiveCfg = Debug|Any CPU
		{6DC376A3-CFAE-415B-B974-85B0B360E801}.Debug|Any CPU.Build.0 = Debug|Any CPU
		{6DC376A3-CFAE-415B-B974-85B0B360E801}.Release|Any CPU.ActiveCfg = Release|Any CPU
		{6DC376A3-CFAE-415B-B974-85B0B360E801}.Release|Any CPU.Build.0 = Release|Any CPU
	EndGlobalSection
	GlobalSection(SolutionProperties) = preSolution
		HideSolutionNode = FALSE
	EndGlobalSection
	GlobalSection(ExtensibilityGlobals) = postSolution
		SolutionGuid = {0DA7685A-E20D-4B52-9444-BD3CCDCEA4A9}
	EndGlobalSection
EndGlobal
